# This file is generated by Kanonak CLI. Do not edit manually.
version: "1"
lastUpdated: "2026-05-10T20:29:30.297Z"
packages:
  kanonak.org/core-owl:
    version: 2.1.0
    resolved: https://kanonak.org/core-owl/2.1.0.kan.yml
    integrity: sha256:55bfa1950235b6f5d81d6db2940b3a95c4f66cd15f16fb6db4d6cc1d03ffba1b
    dependencies:
      kanonak.org/core-rdf: 1.1.0
      kanonak.org/core-xsd: 1.0.0
  kanonak.org/core-rdf:
    version: 1.1.0
    resolved: https://kanonak.org/core-rdf/1.1.0.kan.yml
    integrity: sha256:2f922dd1645087e0df3dc6f7fe5dfa4c1d0277ad3002c7282adc4eb3ffa1a9a4
    dependencies: {}
  kanonak.org/core-xsd:
    version: 1.0.0
    resolved: https://kanonak.org/core-xsd/1.0.0.kan.yml
    integrity: sha256:23c96269caad598b4d76e6985d5ae3020731ba284598db41c583aa1c36a062ff
    dependencies:
      kanonak.org/core-rdf: 1.1.0
  kanonak.org/derivation:
    version: 1.0.0
    resolved: https://kanonak.org/derivation/1.0.0.kan.yml
    integrity: sha256:fb590e1dba32a554034c1e16a1485017c6d73020c6cd4870c76f583f0526782a
    dependencies:
      kanonak.org/core-rdf: 1.1.0
      kanonak.org/core-owl: 2.1.0
      kanonak.org/core-xsd: 1.0.0
      kanonak.org/transformations: 3.10.0
      kanonak.org/formats: 1.0.0
  kanonak.org/derivation-conventions:
    version: 1.0.0
    resolved: https://kanonak.org/derivation-conventions/1.0.0.kan.yml
    integrity: sha256:99cade5e4d422c470d639d277464081704cf79b665e83ba53ab67ffab3e06491
    dependencies:
      kanonak.org/protocols: 1.0.0
  kanonak.org/document-ast:
    version: 1.2.0
    resolved: https://kanonak.org/document-ast/1.2.0.kan.yml
    integrity: sha256:835b3de7af361361a57419067dd46e856f8c6910b4a8180b5463410d4dcd5eb3
    dependencies:
      kanonak.org/core-rdf: 1.1.0
      kanonak.org/core-owl: 2.1.0
      kanonak.org/core-xsd: 1.0.0
  kanonak.org/formats:
    version: 1.0.0
    resolved: https://kanonak.org/formats/1.0.0.kan.yml
    integrity: sha256:9e2fdf38d9e6fc5a600d29d06100bc9b6fc100e110eb1fcb24776a0f69bb1bcc
    dependencies:
      kanonak.org/core-rdf: 1.1.0
      kanonak.org/core-owl: 2.1.0
      kanonak.org/core-xsd: 1.0.0
  kanonak.org/kanonak-protocol:
    version: 2.0.0
    resolved: https://kanonak.org/kanonak-protocol/2.0.0.kan.yml
    integrity: sha256:4d17357745ceffbcf2b0b7b3072d20abf52b9eb9262bd0a6f5307f0d316bbf8d
    dependencies:
      kanonak.org/protocols: 1.0.0
  kanonak.org/protocols:
    version: 1.0.0
    resolved: https://kanonak.org/protocols/1.0.0.kan.yml
    integrity: sha256:e82e4dde262dbddcdb0e90654dc7e5c05e5ca084b6b146b83172b45a2a051f3a
    dependencies:
      kanonak.org/core-rdf: 1.1.0
      kanonak.org/core-owl: 2.1.0
      kanonak.org/core-xsd: 1.0.0
  kanonak.org/site-conventions:
    version: 1.0.0
    resolved: https://kanonak.org/site-conventions/1.0.0.kan.yml
    integrity: sha256:fb5ebc6cef13cad83a0b02a6b6a357c4caf16f9444fe27f23193645a805eb3f9
    dependencies:
      kanonak.org/protocols: 1.0.0
  kanonak.org/transformations:
    version: 3.10.0
    resolved: https://kanonak.org/transformations/3.10.0.kan.yml
    integrity: sha256:d5c9169ffec84ae2abc692ae72f2ac548be011373672c5b15ed67519e7252149
    dependencies:
      kanonak.org/core-rdf: 1.1.0
      kanonak.org/core-owl: 2.1.0
      kanonak.org/core-xsd: 1.0.0
      kanonak.org/document-ast: 1.2.0
  kanonak.org/transformations-conventions:
    version: 1.0.0
    resolved: https://kanonak.org/transformations-conventions/1.0.0.kan.yml
    integrity: sha256:dcf5ea09a982d1023489b389c948680c4914ae33b82d4f31693a4aaad80e62c5
    dependencies:
      kanonak.org/protocols: 1.0.0
  kanonak.org/universal-derivations:
    version: 1.7.0
    resolved: https://kanonak.org/universal-derivations/1.7.0.kan.yml
    integrity: sha256:60abb3af49256a59feea25bf8245cf216415ea3f1a8b54ec0d431674dc281768
    dependencies:
      kanonak.org/core-rdf: 1.1.0
      kanonak.org/core-owl: 2.1.0
      kanonak.org/core-xsd: 1.0.0
      kanonak.org/transformations: 3.10.0
      kanonak.org/document-ast: 1.2.0
      kanonak.org/formats: 1.0.0
      kanonak.org/derivation: 1.0.0
