# This file is generated by Kanonak CLI. Do not edit manually.
version: "1"
lastUpdated: "2026-05-10T11:42:03.574Z"
skills:
  kanonak-protocol:
    publisher: kanonak.org
    package_: kanonak-skills
    version: 2.0.0
    resolved: kanonak://kanonak.org/kanonak-skills@2.0.0
    integrity: sha256:1314aff889de07ee35d5ff55fec73adc5d7a0a185b71ba84dd1aac4e1cadb559
